
Microsoft Visual Studio Solution File, Format Version 12.00
# Visual Studio Version 16
VisualStudioVersion = 16.0.30907.101
MinimumVisualStudioVersion = 10.0.40219.1
Project("{9A19103F-16F7-4668-BE54-9A1E7A4F7556}") = "DataAccess", "DataAccess\DataAccess.csproj", "{6029FE0F-80CF-4D2E-AADD-62D4164AEBF6}"
EndProject
Project("{9A19103F-16F7-4668-BE54-9A1E7A4F7556}") = "Business", "Business\Business.csproj", "{B2223C10-8452-40B1-8EAD-743EFC0C18CF}"
EndProject
Project("{9A19103F-16F7-4668-BE54-9A1E7A4F7556}") = "Entities", "Entities\Entities.csproj", "{208D2D2D-C621-43BC-A0A1-049E301D0085}"
EndProject
Project("{9A19103F-16F7-4668-BE54-9A1E7A4F7556}") = "ConsoleUI", "ConsoleUI\ConsoleUI.csproj", "{17BD6262-E525-48DE-A0D3-112326CC0FFB}"
EndProject
Project("{FAE04EC0-301F-11D3-BF4B-00C04F79EFBC}") = "Core", "Core\Core.csproj", "{A02C1032-CA9E-444A-B4A0-F192B48EEBA7}"
EndProject
Global
	GlobalSection(SolutionConfigurationPlatforms) = preSolution
		Debug|Any CPU = Debug|Any CPU
		Release|Any CPU = Release|Any CPU
	EndGlobalSection
	GlobalSection(ProjectConfigurationPlatforms) = postSolution
		{6029FE0F-80CF-4D2E-AADD-62D4164AEBF6}.Debug|Any CPU.ActiveCfg = Debug|Any CPU
		{6029FE0F-80CF-4D2E-AADD-62D4164AEBF6}.Debug|Any CPU.Build.0 = Debug|Any CPU
		{6029FE0F-80CF-4D2E-AADD-62D4164AEBF6}.Release|Any CPU.ActiveCfg = Release|Any CPU
		{6029FE0F-80CF-4D2E-AADD-62D4164AEBF6}.Release|Any CPU.Build.0 = Release|Any CPU
		{B2223C10-8452-40B1-8EAD-743EFC0C18CF}.Debug|Any CPU.ActiveCfg = Debug|Any CPU
		{B2223C10-8452-40B1-8EAD-743EFC0C18CF}.Debug|Any CPU.Build.0 = Debug|Any CPU
		{B2223C10-8452-40B1-8EAD-743EFC0C18CF}.Release|Any CPU.ActiveCfg = Release|Any CPU
		{B2223C10-8452-40B1-8EAD-743EFC0C18CF}.Release|Any CPU.Build.0 = Release|Any CPU
		{208D2D2D-C621-43BC-A0A1-049E301D0085}.Debug|Any CPU.ActiveCfg = Debug|Any CPU
		{208D2D2D-C621-43BC-A0A1-049E301D0085}.Debug|Any CPU.Build.0 = Debug|Any CPU
		{208D2D2D-C621-43BC-A0A1-049E301D0085}.Release|Any CPU.ActiveCfg = Release|Any CPU
		{208D2D2D-C621-43BC-A0A1-049E301D0085}.Release|Any CPU.Build.0 = Release|Any CPU
		{17BD6262-E525-48DE-A0D3-112326CC0FFB}.Debug|Any CPU.ActiveCfg = Debug|Any CPU
		{17BD6262-E525-48DE-A0D3-112326CC0FFB}.Debug|Any CPU.Build.0 = Debug|Any CPU
		{17BD6262-E525-48DE-A0D3-112326CC0FFB}.Release|Any CPU.ActiveCfg = Release|Any CPU
		{17BD6262-E525-48DE-A0D3-112326CC0FFB}.Release|Any CPU.Build.0 = Release|Any CPU
		{A02C1032-CA9E-444A-B4A0-F192B48EEBA7}.Debug|Any CPU.ActiveCfg = Debug|Any CPU
		{A02C1032-CA9E-444A-B4A0-F192B48EEBA7}.Debug|Any CPU.Build.0 = Debug|Any CPU
		{A02C1032-CA9E-444A-B4A0-F192B48EEBA7}.Release|Any CPU.ActiveCfg = Release|Any CPU
		{A02C1032-CA9E-444A-B4A0-F192B48EEBA7}.Release|Any CPU.Build.0 = Release|Any CPU
	EndGlobalSection
	GlobalSection(SolutionProperties) = preSolution
		HideSolutionNode = FALSE
	EndGlobalSection
	GlobalSection(ExtensibilityGlobals) = postSolution
		SolutionGuid = {AA0B957B-28A9-416B-81BB-763627A6C3DB}
	EndGlobalSection
EndGlobal
